<?xml version="1.0" encoding="utf-8"?>
<Project ToolsVersion="4.0" xmlns="http://schemas.microsoft.com/developer/msbuild/2003">
  <ItemGroup>
    <Filter Include="Source Files">
      <UniqueIdentifier>{4FC737F1-C7A5-4376-A066-2A32D752A2FF}</UniqueIdentifier>
      <Extensions>cpp;c;cc;cxx;def;odl;idl;hpj;bat;asm;asmx</Extensions>
    </Filter>
    <Filter Include="Header Files">
      <UniqueIdentifier>{93995380-89BD-4b04-88EB-625FBE52EBFB}</UniqueIdentifier>
      <Extensions>h;hh;hpp;hxx;hm;inl;inc;xsd</Extensions>
    </Filter>
    <Filter Include="Resource Files">
      <UniqueIdentifier>{67DA6AB6-F800-4c08-8B7A-83BB121AAD01}</UniqueIdentifier>
      <Extensions>rc;ico;cur;bmp;dlg;rc2;rct;bin;rgs;gif;jpg;jpeg;jpe;resx;tiff;tif;png;wav</Extensions>
    </Filter>
  </ItemGroup>
  <ItemGroup>
    <None Include="boot\boot.asm">
      <Filter>Source Files</Filter>
    </None>
    <None Include="boot\loader.asm">
      <Filter>Source Files</Filter>
    </None>
    <None Include="kernel\kernel.asm">
      <Filter>Source Files</Filter>
    </None>
    <None Include="kernel\syscall.asm">
      <Filter>Source Files</Filter>
    </None>
    <None Include="lib\kliba.asm">
      <Filter>Source Files</Filter>
    </None>
    <None Include="lib\string.asm">
      <Filter>Source Files</Filter>
    </None>
    <None Include="boot\include\fat12hdr.inc">
      <Filter>Header Files</Filter>
    </None>
    <None Include="boot\include\load.inc">
      <Filter>Header Files</Filter>
    </None>
    <None Include="boot\include\pm.inc">
      <Filter>Header Files</Filter>
    </None>
    <None Include="include\sconst.inc">
      <Filter>Header Files</Filter>
    </None>
  </ItemGroup>
  <ItemGroup>
    <ClCompile Include="kernel\clock.c">
      <Filter>Source Files</Filter>
    </ClCompile>
    <ClCompile Include="kernel\global.c">
      <Filter>Source Files</Filter>
    </ClCompile>
    <ClCompile Include="kernel\i8259.c">
      <Filter>Source Files</Filter>
    </ClCompile>
    <ClCompile Include="kernel\keyboard.c">
      <Filter>Source Files</Filter>
    </ClCompile>
    <ClCompile Include="kernel\main.c">
      <Filter>Source Files</Filter>
    </ClCompile>
    <ClCompile Include="kernel\proc.c">
      <Filter>Source Files</Filter>
    </ClCompile>
    <ClCompile Include="kernel\protect.c">
      <Filter>Source Files</Filter>
    </ClCompile>
    <ClCompile Include="kernel\start.c">
      <Filter>Source Files</Filter>
    </ClCompile>
    <ClCompile Include="lib\klib.c">
      <Filter>Source Files</Filter>
    </ClCompile>
  </ItemGroup>
  <ItemGroup>
    <ClInclude Include="include\const.h">
      <Filter>Header Files</Filter>
    </ClInclude>
    <ClInclude Include="include\global.h">
      <Filter>Header Files</Filter>
    </ClInclude>
    <ClInclude Include="include\proc.h">
      <Filter>Header Files</Filter>
    </ClInclude>
    <ClInclude Include="include\protect.h">
      <Filter>Header Files</Filter>
    </ClInclude>
    <ClInclude Include="include\proto.h">
      <Filter>Header Files</Filter>
    </ClInclude>
    <ClInclude Include="include\string.h">
      <Filter>Header Files</Filter>
    </ClInclude>
    <ClInclude Include="include\type.h">
      <Filter>Header Files</Filter>
    </ClInclude>
  </ItemGroup>
</Project>